
Microsoft Visual Studio Solution File, Format Version 12.00
# Visual Studio 15
VisualStudioVersion = 15.0.28010.2036
MinimumVisualStudioVersion = 10.0.40219.1
Project("{FAE04EC0-301F-11D3-BF4B-00C04F79EFBC}") = "SoccerStats", "SoccerStats\SoccerStats.csproj", "{C1F9A7BB-9BB3-495A-B70F-7B79E25AB58F}"
EndProject
Global
	GlobalSection(SolutionConfigurationPlatforms) = preSolution
		Debug|Any CPU = Debug|Any CPU
		Release|Any CPU = Release|Any CPU
	EndGlobalSection
	GlobalSection(ProjectConfigurationPlatforms) = postSolution
		{C1F9A7BB-9BB3-495A-B70F-7B79E25AB58F}.Debug|Any CPU.ActiveCfg = Debug|Any CPU
		{C1F9A7BB-9BB3-495A-B70F-7B79E25AB58F}.Debug|Any CPU.Build.0 = Debug|Any CPU
		{C1F9A7BB-9BB3-495A-B70F-7B79E25AB58F}.Release|Any CPU.ActiveCfg = Release|Any CPU
		{C1F9A7BB-9BB3-495A-B70F-7B79E25AB58F}.Release|Any CPU.Build.0 = Release|Any CPU
	EndGlobalSection
	GlobalSection(SolutionProperties) = preSolution
		HideSolutionNode = FALSE
	EndGlobalSection
	GlobalSection(ExtensibilityGlobals) = postSolution
		SolutionGuid = {F0AC78BD-AEB6-4E15-BF19-B441CF5BBC7B}
	EndGlobalSection
EndGlobal
